// !$*UTF8*$!
{
	archiveVersion = 1;
	classes = {
	};
	objectVersion = 56;
	objects = {

/* Begin PBXBuildFile section */
		CF337AE52B90B16A009CC006 /* SwiftodoApp.swift in Sources */ = {isa = PBXBuildFile; fileRef = CF337AE42B90B16A009CC006 /* SwiftodoApp.swift */; };
		CF337AE72B90B16A009CC006 /* ContentView.swift in Sources */ = {isa = PBXBuildFile; fileRef = CF337AE62B90B16A009CC006 /* ContentView.swift */; };
		CF337AE92B90B16B009CC006 /* Assets.xcassets in Resources */ = {isa = PBXBuildFile; fileRef = CF337AE82B90B16B009CC006 /* Assets.xcassets */; };
		CF337AEC2B90B16B009CC006 /* Preview Assets.xcassets in Resources */ = {isa = PBXBuildFile; fileRef = CF337AEB2B90B16B009CC006 /* Preview Assets.xcassets */; };
		CF337AEE2B90B16B009CC006 /* Persistence.swift in Sources */ = {isa = PBXBuildFile; fileRef = CF337AED2B90B16B009CC006 /* Persistence.swift */; };
		CF337AF12B90B16B009CC006 /* Swiftodo.xcdatamodeld in Sources */ = {isa = PBXBuildFile; fileRef = CF337AEF2B90B16B009CC006 /* Swiftodo.xcdatamodeld */; };
		CF337AFB2B90B16B009CC006 /* SwiftodoTests.swift in Sources */ = {isa = PBXBuildFile; fileRef = CF337AFA2B90B16B009CC006 /* SwiftodoTests.swift */; };
		CF337B052B90B16B009CC006 /* SwiftodoUITests.swift in Sources */ = {isa = PBXBuildFile; fileRef = CF337B042B90B16B009CC006 /* SwiftodoUITests.swift */; };
		CF337B072B90B16B009CC006 /* SwiftodoUITestsLaunchTests.swift in Sources */ = {isa = PBXBuildFile; fileRef = CF337B062B90B16B009CC006 /* SwiftodoUITestsLaunchTests.swift */; };
		CF337B1E2B90B2D7009CC006 /* NotoSans-Regular.ttf in Resources */ = {isa = PBXBuildFile; fileRef = CF337B142B90B2D6009CC006 /* NotoSans-Regular.ttf */; };
		CF337B1F2B90B2D7009CC006 /* NotoSans-Regular.ttf in Resources */ = {isa = PBXBuildFile; fileRef = CF337B142B90B2D6009CC006 /* NotoSans-Regular.ttf */; };
		CF337B202B90B2D7009CC006 /* NotoSans-Regular.ttf in Resources */ = {isa = PBXBuildFile; fileRef = CF337B142B90B2D6009CC006 /* NotoSans-Regular.ttf */; };
		CF337B212B90B2D7009CC006 /* NotoSans-ExtraLightItalic.ttf in Resources */ = {isa = PBXBuildFile; fileRef = CF337B152B90B2D6009CC006 /* NotoSans-ExtraLightItalic.ttf */; };
		CF337B222B90B2D7009CC006 /* NotoSans-ExtraLightItalic.ttf in Resources */ = {isa = PBXBuildFile; fileRef = CF337B152B90B2D6009CC006 /* NotoSans-ExtraLightItalic.ttf */; };
		CF337B232B90B2D7009CC006 /* NotoSans-ExtraLightItalic.ttf in Resources */ = {isa = PBXBuildFile; fileRef = CF337B152B90B2D6009CC006 /* NotoSans-ExtraLightItalic.ttf */; };
		CF337B242B90B2D7009CC006 /* NotoSans-ExtraLight.ttf in Resources */ = {isa = PBXBuildFile; fileRef = CF337B162B90B2D6009CC006 /* NotoSans-ExtraLight.ttf */; };
		CF337B252B90B2D7009CC006 /* NotoSans-ExtraLight.ttf in Resources */ = {isa = PBXBuildFile; fileRef = CF337B162B90B2D6009CC006 /* NotoSans-ExtraLight.ttf */; };
		CF337B262B90B2D7009CC006 /* NotoSans-ExtraLight.ttf in Resources */ = {isa = PBXBuildFile; fileRef = CF337B162B90B2D6009CC006 /* NotoSans-ExtraLight.ttf */; };
		CF337B272B90B2D7009CC006 /* NotoSans-MediumItalic.ttf in Resources */ = {isa = PBXBuildFile; fileRef = CF337B172B90B2D6009CC006 /* NotoSans-MediumItalic.ttf */; };
		CF337B282B90B2D7009CC006 /* NotoSans-MediumItalic.ttf in Resources */ = {isa = PBXBuildFile; fileRef = CF337B172B90B2D6009CC006 /* NotoSans-MediumItalic.ttf */; };
		CF337B292B90B2D7009CC006 /* NotoSans-MediumItalic.ttf in Resources */ = {isa = PBXBuildFile; fileRef = CF337B172B90B2D6009CC006 /* NotoSans-MediumItalic.ttf */; };
		CF337B2A2B90B2D7009CC006 /* NotoSans-SemiBold.ttf in Resources */ = {isa = PBXBuildFile; fileRef = CF337B182B90B2D6009CC006 /* NotoSans-SemiBold.ttf */; };
		CF337B2B2B90B2D7009CC006 /* NotoSans-SemiBold.ttf in Resources */ = {isa = PBXBuildFile; fileRef = CF337B182B90B2D6009CC006 /* NotoSans-SemiBold.ttf */; };
		CF337B2C2B90B2D7009CC006 /* NotoSans-SemiBold.ttf in Resources */ = {isa = PBXBuildFile; fileRef = CF337B182B90B2D6009CC006 /* NotoSans-SemiBold.ttf */; };
		CF337B2D2B90B2D7009CC006 /* NotoSans-Italic.ttf in Resources */ = {isa = PBXBuildFile; fileRef = CF337B192B90B2D6009CC006 /* NotoSans-Italic.ttf */; };
		CF337B2E2B90B2D7009CC006 /* NotoSans-Italic.ttf in Resources */ = {isa = PBXBuildFile; fileRef = CF337B192B90B2D6009CC006 /* NotoSans-Italic.ttf */; };
		CF337B2F2B90B2D7009CC006 /* NotoSans-Italic.ttf in Resources */ = {isa = PBXBuildFile; fileRef = CF337B192B90B2D6009CC006 /* NotoSans-Italic.ttf */; };
		CF337B302B90B2D7009CC006 /* NotoSans-ExtraBoldItalic.ttf in Resources */ = {isa = PBXBuildFile; fileRef = CF337B1A2B90B2D6009CC006 /* NotoSans-ExtraBoldItalic.ttf */; };
		CF337B312B90B2D7009CC006 /* NotoSans-ExtraBoldItalic.ttf in Resources */ = {isa = PBXBuildFile; fileRef = CF337B1A2B90B2D6009CC006 /* NotoSans-ExtraBoldItalic.ttf */; };
		CF337B322B90B2D7009CC006 /* NotoSans-ExtraBoldItalic.ttf in Resources */ = {isa = PBXBuildFile; fileRef = CF337B1A2B90B2D6009CC006 /* NotoSans-ExtraBoldItalic.ttf */; };
		CF337B332B90B2D7009CC006 /* NotoSans-Light.ttf in Resources */ = {isa = PBXBuildFile; fileRef = CF337B1B2B90B2D6009CC006 /* NotoSans-Light.ttf */; };
		CF337B342B90B2D7009CC006 /* NotoSans-Light.ttf in Resources */ = {isa = PBXBuildFile; fileRef = CF337B1B2B90B2D6009CC006 /* NotoSans-Light.ttf */; };
		CF337B352B90B2D7009CC006 /* NotoSans-Light.ttf in Resources */ = {isa = PBXBuildFile; fileRef = CF337B1B2B90B2D6009CC006 /* NotoSans-Light.ttf */; };
		CF337B362B90B2D7009CC006 /* NotoSans-LightItalic.ttf in Resources */ = {isa = PBXBuildFile; fileRef = CF337B1C2B90B2D6009CC006 /* NotoSans-LightItalic.ttf */; };
		CF337B372B90B2D7009CC006 /* NotoSans-LightItalic.ttf in Resources */ = {isa = PBXBuildFile; fileRef = CF337B1C2B90B2D6009CC006 /* NotoSans-LightItalic.ttf */; };
		CF337B382B90B2D7009CC006 /* NotoSans-LightItalic.ttf in Resources */ = {isa = PBXBuildFile; fileRef = CF337B1C2B90B2D6009CC006 /* NotoSans-LightItalic.ttf */; };
		CF337B392B90B2D7009CC006 /* NotoSans-Medium.ttf in Resources */ = {isa = PBXBuildFile; fileRef = CF337B1D2B90B2D6009CC006 /* NotoSans-Medium.ttf */; };
		CF337B3A2B90B2D7009CC006 /* NotoSans-Medium.ttf in Resources */ = {isa = PBXBuildFile; fileRef = CF337B1D2B90B2D6009CC006 /* NotoSans-Medium.ttf */; };
		CF337B3B2B90B2D7009CC006 /* NotoSans-Medium.ttf in Resources */ = {isa = PBXBuildFile; fileRef = CF337B1D2B90B2D6009CC006 /* NotoSans-Medium.ttf */; };
		CF337B3F2B90B3E2009CC006 /* NotoSans-Black.ttf in Resources */ = {isa = PBXBuildFile; fileRef = CF337B3D2B90B3E2009CC006 /* NotoSans-Black.ttf */; };
		CF337B402B90B3E2009CC006 /* NotoSans-Black.ttf in Resources */ = {isa = PBXBuildFile; fileRef = CF337B3D2B90B3E2009CC006 /* NotoSans-Black.ttf */; };
		CF337B412B90B3E2009CC006 /* NotoSans-Black.ttf in Resources */ = {isa = PBXBuildFile; fileRef = CF337B3D2B90B3E2009CC006 /* NotoSans-Black.ttf */; };
		CF337B422B90B3E2009CC006 /* NotoSans-Bold.ttf in Resources */ = {isa = PBXBuildFile; fileRef = CF337B3E2B90B3E2009CC006 /* NotoSans-Bold.ttf */; };
		CF337B432B90B3E2009CC006 /* NotoSans-Bold.ttf in Resources */ = {isa = PBXBuildFile; fileRef = CF337B3E2B90B3E2009CC006 /* NotoSans-Bold.ttf */; };
		CF337B442B90B3E2009CC006 /* NotoSans-Bold.ttf in Resources */ = {isa = PBXBuildFile; fileRef = CF337B3E2B90B3E2009CC006 /* NotoSans-Bold.ttf */; };
		CF337B4B2B90B5E0009CC006 /* FirebaseAuth in Frameworks */ = {isa = PBXBuildFile; productRef = CF337B4A2B90B5E0009CC006 /* FirebaseAuth */; };
		CF337B4D2B90B5E0009CC006 /* FirebaseFirestore in Frameworks */ = {isa = PBXBuildFile; productRef = CF337B4C2B90B5E0009CC006 /* FirebaseFirestore */; };
		CF337B4F2B90B5E0009CC006 /* FirebaseFirestoreSwift in Frameworks */ = {isa = PBXBuildFile; productRef = CF337B4E2B90B5E0009CC006 /* FirebaseFirestoreSwift */; };
		CF337B512B90B5E0009CC006 /* FirebaseStorage in Frameworks */ = {isa = PBXBuildFile; productRef = CF337B502B90B5E0009CC006 /* FirebaseStorage */; };
		CF337B542B90B6D8009CC006 /* GoogleSignIn in Frameworks */ = {isa = PBXBuildFile; productRef = CF337B532B90B6D8009CC006 /* GoogleSignIn */; };
		CF337B562B90B6D8009CC006 /* GoogleSignInSwift in Frameworks */ = {isa = PBXBuildFile; productRef = CF337B552B90B6D8009CC006 /* GoogleSignInSwift */; };
		CF337B582B90B79C009CC006 /* GoogleService-Info.plist in Resources */ = {isa = PBXBuildFile; fileRef = CF337B572B90B79C009CC006 /* GoogleService-Info.plist */; };
		CF337B592B90B79C009CC006 /* GoogleService-Info.plist in Resources */ = {isa = PBXBuildFile; fileRef = CF337B572B90B79C009CC006 /* GoogleService-Info.plist */; };
		CF337B5A2B90B79C009CC006 /* GoogleService-Info.plist in Resources */ = {isa = PBXBuildFile; fileRef = CF337B572B90B79C009CC006 /* GoogleService-Info.plist */; };
		CF337B652B90C2BA009CC006 /* View_Home.swift in Sources */ = {isa = PBXBuildFile; fileRef = CF337B642B90C2BA009CC006 /* View_Home.swift */; };
		CF337B662B90C2BA009CC006 /* View_Home.swift in Sources */ = {isa = PBXBuildFile; fileRef = CF337B642B90C2BA009CC006 /* View_Home.swift */; };
		CF337B672B90C2BA009CC006 /* View_Home.swift in Sources */ = {isa = PBXBuildFile; fileRef = CF337B642B90C2BA009CC006 /* View_Home.swift */; };
		CF337B692B90C2CF009CC006 /* View_CreateWorkSpace.swift in Sources */ = {isa = PBXBuildFile; fileRef = CF337B682B90C2CF009CC006 /* View_CreateWorkSpace.swift */; };
		CF337B6A2B90C2CF009CC006 /* View_CreateWorkSpace.swift in Sources */ = {isa = PBXBuildFile; fileRef = CF337B682B90C2CF009CC006 /* View_CreateWorkSpace.swift */; };
		CF337B6B2B90C2CF009CC006 /* View_CreateWorkSpace.swift in Sources */ = {isa = PBXBuildFile; fileRef = CF337B682B90C2CF009CC006 /* View_CreateWorkSpace.swift */; };
		CF337B6D2B90C2FD009CC006 /* View_TaskSection.swift in Sources */ = {isa = PBXBuildFile; fileRef = CF337B6C2B90C2FD009CC006 /* View_TaskSection.swift */; };
		CF337B6E2B90C2FD009CC006 /* View_TaskSection.swift in Sources */ = {isa = PBXBuildFile; fileRef = CF337B6C2B90C2FD009CC006 /* View_TaskSection.swift */; };
		CF337B6F2B90C2FD009CC006 /* View_TaskSection.swift in Sources */ = {isa = PBXBuildFile; fileRef = CF337B6C2B90C2FD009CC006 /* View_TaskSection.swift */; };
		CF337B712B90C31C009CC006 /* View_TaskDetails.swift in Sources */ = {isa = PBXBuildFile; fileRef = CF337B702B90C31C009CC006 /* View_TaskDetails.swift */; };
		CF337B722B90C31C009CC006 /* View_TaskDetails.swift in Sources */ = {isa = PBXBuildFile; fileRef = CF337B702B90C31C009CC006 /* View_TaskDetails.swift */; };
		CF337B732B90C31C009CC006 /* View_TaskDetails.swift in Sources */ = {isa = PBXBuildFile; fileRef = CF337B702B90C31C009CC006 /* View_TaskDetails.swift */; };
		CF337B752B90C327009CC006 /* View_Me.swift in Sources */ = {isa = PBXBuildFile; fileRef = CF337B742B90C327009CC006 /* View_Me.swift */; };
		CF337B762B90C327009CC006 /* View_Me.swift in Sources */ = {isa = PBXBuildFile; fileRef = CF337B742B90C327009CC006 /* View_Me.swift */; };
		CF337B772B90C327009CC006 /* View_Me.swift in Sources */ = {isa = PBXBuildFile; fileRef = CF337B742B90C327009CC006 /* View_Me.swift */; };
		CF337B792B90C35D009CC006 /* Entity_Account.swift in Sources */ = {isa = PBXBuildFile; fileRef = CF337B782B90C35D009CC006 /* Entity_Account.swift */; };
		CF337B7A2B90C35D009CC006 /* Entity_Account.swift in Sources */ = {isa = PBXBuildFile; fileRef = CF337B782B90C35D009CC006 /* Entity_Account.swift */; };
		CF337B7B2B90C35D009CC006 /* Entity_Account.swift in Sources */ = {isa = PBXBuildFile; fileRef = CF337B782B90C35D009CC006 /* Entity_Account.swift */; };
		CF337B7D2B90C36A009CC006 /* Entity_Task.swift in Sources */ = {isa = PBXBuildFile; fileRef = CF337B7C2B90C36A009CC006 /* Entity_Task.swift */; };
		CF337B7E2B90C36A009CC006 /* Entity_Task.swift in Sources */ = {isa = PBXBuildFile; fileRef = CF337B7C2B90C36A009CC006 /* Entity_Task.swift */; };
		CF337B7F2B90C36A009CC006 /* Entity_Task.swift in Sources */ = {isa = PBXBuildFile; fileRef = CF337B7C2B90C36A009CC006 /* Entity_Task.swift */; };
		CF337B812B90C37B009CC006 /* Entity_Workspace.swift in Sources */ = {isa = PBXBuildFile; fileRef = CF337B802B90C37B009CC006 /* Entity_Workspace.swift */; };
		CF337B822B90C37B009CC006 /* Entity_Workspace.swift in Sources */ = {isa = PBXBuildFile; fileRef = CF337B802B90C37B009CC006 /* Entity_Workspace.swift */; };
		CF337B832B90C37B009CC006 /* Entity_Workspace.swift in Sources */ = {isa = PBXBuildFile; fileRef = CF337B802B90C37B009CC006 /* Entity_Workspace.swift */; };
		CF337B862B90C8DA009CC006 /* Manager_Authentication.swift in Sources */ = {isa = PBXBuildFile; fileRef = CF337B852B90C8D9009CC006 /* Manager_Authentication.swift */; };
		CF337B872B90C8DA009CC006 /* Manager_Authentication.swift in Sources */ = {isa = PBXBuildFile; fileRef = CF337B852B90C8D9009CC006 /* Manager_Authentication.swift */; };
		CF337B882B90C8DA009CC006 /* Manager_Authentication.swift in Sources */ = {isa = PBXBuildFile; fileRef = CF337B852B90C8D9009CC006 /* Manager_Authentication.swift */; };
		CF337B8A2B90C944009CC006 /* View_Login.swift in Sources */ = {isa = PBXBuildFile; fileRef = CF337B892B90C944009CC006 /* View_Login.swift */; };
		CF337B8B2B90C944009CC006 /* View_Login.swift in Sources */ = {isa = PBXBuildFile; fileRef = CF337B892B90C944009CC006 /* View_Login.swift */; };
		CF337B8C2B90C944009CC006 /* View_Login.swift in Sources */ = {isa = PBXBuildFile; fileRef = CF337B892B90C944009CC006 /* View_Login.swift */; };
		CF337B8E2B90CE5C009CC006 /* UI_MonochromeButton.swift in Sources */ = {isa = PBXBuildFile; fileRef = CF337B8D2B90CE5C009CC006 /* UI_MonochromeButton.swift */; };
		CF337B8F2B90CE5C009CC006 /* UI_MonochromeButton.swift in Sources */ = {isa = PBXBuildFile; fileRef = CF337B8D2B90CE5C009CC006 /* UI_MonochromeButton.swift */; };
		CF337B902B90CE5C009CC006 /* UI_MonochromeButton.swift in Sources */ = {isa = PBXBuildFile; fileRef = CF337B8D2B90CE5C009CC006 /* UI_MonochromeButton.swift */; };
		CF337B922B90D8E0009CC006 /* Helper_Extensions.swift in Sources */ = {isa = PBXBuildFile; fileRef = CF337B912B90D8E0009CC006 /* Helper_Extensions.swift */; };
		CF337B932B90D8E0009CC006 /* Helper_Extensions.swift in Sources */ = {isa = PBXBuildFile; fileRef = CF337B912B90D8E0009CC006 /* Helper_Extensions.swift */; };
		CF337B942B90D8E0009CC006 /* Helper_Extensions.swift in Sources */ = {isa = PBXBuildFile; fileRef = CF337B912B90D8E0009CC006 /* Helper_Extensions.swift */; };
/* End PBXBuildFile section */

/* Begin PBXContainerItemProxy section */
		CF337AF72B90B16B009CC006 /* PBXContainerItemProxy */ = {
			isa = PBXContainerItemProxy;
			containerPortal = CF337AD92B90B16A009CC006 /* Project object */;
			proxyType = 1;
			remoteGlobalIDString = CF337AE02B90B16A009CC006;
			remoteInfo = Swiftodo;
		};
		CF337B012B90B16B009CC006 /* PBXContainerItemProxy */ = {
			isa = PBXContainerItemProxy;
			containerPortal = CF337AD92B90B16A009CC006 /* Project object */;
			proxyType = 1;
			remoteGlobalIDString = CF337AE02B90B16A009CC006;
			remoteInfo = Swiftodo;
		};
/* End PBXContainerItemProxy section */

/* Begin PBXFileReference section */
		CF337AE12B90B16A009CC006 /* Swiftodo.app */ = {isa = PBXFileReference; explicitFileType = wrapper.application; includeInIndex = 0; path = Swiftodo.app; sourceTree = BUILT_PRODUCTS_DIR; };
		CF337AE42B90B16A009CC006 /* SwiftodoApp.swift */ = {isa = PBXFileReference; lastKnownFileType = sourcecode.swift; path = SwiftodoApp.swift; sourceTree = "<group>"; };
		CF337AE62B90B16A009CC006 /* ContentView.swift */ = {isa = PBXFileReference; lastKnownFileType = sourcecode.swift; path = ContentView.swift; sourceTree = "<group>"; };
		CF337AE82B90B16B009CC006 /* Assets.xcassets */ = {isa = PBXFileReference; lastKnownFileType = folder.assetcatalog; path = Assets.xcassets; sourceTree = "<group>"; };
		CF337AEB2B90B16B009CC006 /* Preview Assets.xcassets */ = {isa = PBXFileReference; lastKnownFileType = folder.assetcatalog; path = "Preview Assets.xcassets"; sourceTree = "<group>"; };
		CF337AED2B90B16B009CC006 /* Persistence.swift */ = {isa = PBXFileReference; lastKnownFileType = sourcecode.swift; path = Persistence.swift; sourceTree = "<group>"; };
		CF337AF02B90B16B009CC006 /* Swiftodo.xcdatamodel */ = {isa = PBXFileReference; lastKnownFileType = wrapper.xcdatamodel; path = Swiftodo.xcdatamodel; sourceTree = "<group>"; };
		CF337AF62B90B16B009CC006 /* SwiftodoTests.xctest */ = {isa = PBXFileReference; explicitFileType = wrapper.cfbundle; includeInIndex = 0; path = SwiftodoTests.xctest; sourceTree = BUILT_PRODUCTS_DIR; };
		CF337AFA2B90B16B009CC006 /* SwiftodoTests.swift */ = {isa = PBXFileReference; lastKnownFileType = sourcecode.swift; path = SwiftodoTests.swift; sourceTree = "<group>"; };
		CF337B002B90B16B009CC006 /* SwiftodoUITests.xctest */ = {isa = PBXFileReference; explicitFileType = wrapper.cfbundle; includeInIndex = 0; path = SwiftodoUITests.xctest; sourceTree = BUILT_PRODUCTS_DIR; };
		CF337B042B90B16B009CC006 /* SwiftodoUITests.swift */ = {isa = PBXFileReference; lastKnownFileType = sourcecode.swift; path = SwiftodoUITests.swift; sourceTree = "<group>"; };
		CF337B062B90B16B009CC006 /* SwiftodoUITestsLaunchTests.swift */ = {isa = PBXFileReference; lastKnownFileType = sourcecode.swift; path = SwiftodoUITestsLaunchTests.swift; sourceTree = "<group>"; };
		CF337B142B90B2D6009CC006 /* NotoSans-Regular.ttf */ = {isa = PBXFileReference; lastKnownFileType = file; path = "NotoSans-Regular.ttf"; sourceTree = "<group>"; };
		CF337B152B90B2D6009CC006 /* NotoSans-ExtraLightItalic.ttf */ = {isa = PBXFileReference; lastKnownFileType = file; path = "NotoSans-ExtraLightItalic.ttf"; sourceTree = "<group>"; };
		CF337B162B90B2D6009CC006 /* NotoSans-ExtraLight.ttf */ = {isa = PBXFileReference; lastKnownFileType = file; path = "NotoSans-ExtraLight.ttf"; sourceTree = "<group>"; };
		CF337B172B90B2D6009CC006 /* NotoSans-MediumItalic.ttf */ = {isa = PBXFileReference; lastKnownFileType = file; path = "NotoSans-MediumItalic.ttf"; sourceTree = "<group>"; };
		CF337B182B90B2D6009CC006 /* NotoSans-SemiBold.ttf */ = {isa = PBXFileReference; lastKnownFileType = file; path = "NotoSans-SemiBold.ttf"; sourceTree = "<group>"; };
		CF337B192B90B2D6009CC006 /* NotoSans-Italic.ttf */ = {isa = PBXFileReference; lastKnownFileType = file; path = "NotoSans-Italic.ttf"; sourceTree = "<group>"; };
		CF337B1A2B90B2D6009CC006 /* NotoSans-ExtraBoldItalic.ttf */ = {isa = PBXFileReference; lastKnownFileType = file; path = "NotoSans-ExtraBoldItalic.ttf"; sourceTree = "<group>"; };
		CF337B1B2B90B2D6009CC006 /* NotoSans-Light.ttf */ = {isa = PBXFileReference; lastKnownFileType = file; path = "NotoSans-Light.ttf"; sourceTree = "<group>"; };
		CF337B1C2B90B2D6009CC006 /* NotoSans-LightItalic.ttf */ = {isa = PBXFileReference; lastKnownFileType = file; path = "NotoSans-LightItalic.ttf"; sourceTree = "<group>"; };
		CF337B1D2B90B2D6009CC006 /* NotoSans-Medium.ttf */ = {isa = PBXFileReference; lastKnownFileType = file; path = "NotoSans-Medium.ttf"; sourceTree = "<group>"; };
		CF337B3C2B90B34A009CC006 /* Info.plist */ = {isa = PBXFileReference; lastKnownFileType = text.plist; path = Info.plist; sourceTree = "<group>"; };
		CF337B3D2B90B3E2009CC006 /* NotoSans-Black.ttf */ = {isa = PBXFileReference; lastKnownFileType = file; path = "NotoSans-Black.ttf"; sourceTree = "<group>"; };
		CF337B3E2B90B3E2009CC006 /* NotoSans-Bold.ttf */ = {isa = PBXFileReference; lastKnownFileType = file; path = "NotoSans-Bold.ttf"; sourceTree = "<group>"; };
		CF337B572B90B79C009CC006 /* GoogleService-Info.plist */ = {isa = PBXFileReference; fileEncoding = 4; lastKnownFileType = text.plist.xml; name = "GoogleService-Info.plist"; path = "../../../../GoogleService-Info.plist"; sourceTree = "<group>"; };
		CF337B642B90C2BA009CC006 /* View_Home.swift */ = {isa = PBXFileReference; lastKnownFileType = sourcecode.swift; path = View_Home.swift; sourceTree = "<group>"; };
		CF337B682B90C2CF009CC006 /* View_CreateWorkSpace.swift */ = {isa = PBXFileReference; lastKnownFileType = sourcecode.swift; path = View_CreateWorkSpace.swift; sourceTree = "<group>"; };
		CF337B6C2B90C2FD009CC006 /* View_TaskSection.swift */ = {isa = PBXFileReference; lastKnownFileType = sourcecode.swift; path = View_TaskSection.swift; sourceTree = "<group>"; };
		CF337B702B90C31C009CC006 /* View_TaskDetails.swift */ = {isa = PBXFileReference; lastKnownFileType = sourcecode.swift; path = View_TaskDetails.swift; sourceTree = "<group>"; };
		CF337B742B90C327009CC006 /* View_Me.swift */ = {isa = PBXFileReference; lastKnownFileType = sourcecode.swift; path = View_Me.swift; sourceTree = "<group>"; };
		CF337B782B90C35D009CC006 /* Entity_Account.swift */ = {isa = PBXFileReference; lastKnownFileType = sourcecode.swift; path = Entity_Account.swift; sourceTree = "<group>"; };
		CF337B7C2B90C36A009CC006 /* Entity_Task.swift */ = {isa = PBXFileReference; lastKnownFileType = sourcecode.swift; path = Entity_Task.swift; sourceTree = "<group>"; };
		CF337B802B90C37B009CC006 /* Entity_Workspace.swift */ = {isa = PBXFileReference; lastKnownFileType = sourcecode.swift; path = Entity_Workspace.swift; sourceTree = "<group>"; };
		CF337B852B90C8D9009CC006 /* Manager_Authentication.swift */ = {isa = PBXFileReference; lastKnownFileType = sourcecode.swift; path = Manager_Authentication.swift; sourceTree = "<group>"; };
		CF337B892B90C944009CC006 /* View_Login.swift */ = {isa = PBXFileReference; lastKnownFileType = sourcecode.swift; path = View_Login.swift; sourceTree = "<group>"; };
		CF337B8D2B90CE5C009CC006 /* UI_MonochromeButton.swift */ = {isa = PBXFileReference; lastKnownFileType = sourcecode.swift; path = UI_MonochromeButton.swift; sourceTree = "<group>"; };
		CF337B912B90D8E0009CC006 /* Helper_Extensions.swift */ = {isa = PBXFileReference; lastKnownFileType = sourcecode.swift; path = Helper_Extensions.swift; sourceTree = "<group>"; };
/* End PBXFileReference section */

/* Begin PBXFrameworksBuildPhase section */
		CF337ADE2B90B16A009CC006 /* Frameworks */ = {
			isa = PBXFrameworksBuildPhase;
			buildActionMask = 2147483647;
			files = (
				CF337B542B90B6D8009CC006 /* GoogleSignIn in Frameworks */,
				CF337B4B2B90B5E0009CC006 /* FirebaseAuth in Frameworks */,
				CF337B512B90B5E0009CC006 /* FirebaseStorage in Frameworks */,
				CF337B562B90B6D8009CC006 /* GoogleSignInSwift in Frameworks */,
				CF337B4D2B90B5E0009CC006 /* FirebaseFirestore in Frameworks */,
				CF337B4F2B90B5E0009CC006 /* FirebaseFirestoreSwift in Frameworks */,
			);
			runOnlyForDeploymentPostprocessing = 0;
		};
		CF337AF32B90B16B009CC006 /* Frameworks */ = {
			isa = PBXFrameworksBuildPhase;
			buildActionMask = 2147483647;
			files = (
			);
			runOnlyForDeploymentPostprocessing = 0;
		};
		CF337AFD2B90B16B009CC006 /* Frameworks */ = {
			isa = PBXFrameworksBuildPhase;
			buildActionMask = 2147483647;
			files = (
			);
			runOnlyForDeploymentPostprocessing = 0;
		};
/* End PBXFrameworksBuildPhase section */

/* Begin PBXGroup section */
		CF337AD82B90B16A009CC006 = {
			isa = PBXGroup;
			children = (
				CF337AE32B90B16A009CC006 /* Swiftodo */,
				CF337AF92B90B16B009CC006 /* SwiftodoTests */,
				CF337B032B90B16B009CC006 /* SwiftodoUITests */,
				CF337AE22B90B16A009CC006 /* Products */,
			);
			sourceTree = "<group>";
		};
		CF337AE22B90B16A009CC006 /* Products */ = {
			isa = PBXGroup;
			children = (
				CF337AE12B90B16A009CC006 /* Swiftodo.app */,
				CF337AF62B90B16B009CC006 /* SwiftodoTests.xctest */,
				CF337B002B90B16B009CC006 /* SwiftodoUITests.xctest */,
			);
			name = Products;
			sourceTree = "<group>";
		};
		CF337AE32B90B16A009CC006 /* Swiftodo */ = {
			isa = PBXGroup;
			children = (
				CF337B842B90C8BF009CC006 /* Manager */,
				CF337B5F2B90BA42009CC006 /* Helpers */,
				CF337B5E2B90BA32009CC006 /* Entity */,
				CF337B5D2B90BA2D009CC006 /* Views */,
				CF337B5C2B90BA19009CC006 /* ViewModels */,
				CF337B5B2B90BA0A009CC006 /* UI */,
				CF337B572B90B79C009CC006 /* GoogleService-Info.plist */,
				CF337B3C2B90B34A009CC006 /* Info.plist */,
				CF337B132B90B2C5009CC006 /* Fonts */,
				CF337AE42B90B16A009CC006 /* SwiftodoApp.swift */,
				CF337AE62B90B16A009CC006 /* ContentView.swift */,
				CF337AE82B90B16B009CC006 /* Assets.xcassets */,
				CF337AED2B90B16B009CC006 /* Persistence.swift */,
				CF337AEF2B90B16B009CC006 /* Swiftodo.xcdatamodeld */,
				CF337AEA2B90B16B009CC006 /* Preview Content */,
			);
			path = Swiftodo;
			sourceTree = "<group>";
		};
		CF337AEA2B90B16B009CC006 /* Preview Content */ = {
			isa = PBXGroup;
			children = (
				CF337AEB2B90B16B009CC006 /* Preview Assets.xcassets */,
			);
			path = "Preview Content";
			sourceTree = "<group>";
		};
		CF337AF92B90B16B009CC006 /* SwiftodoTests */ = {
			isa = PBXGroup;
			children = (
				CF337AFA2B90B16B009CC006 /* SwiftodoTests.swift */,
			);
			path = SwiftodoTests;
			sourceTree = "<group>";
		};
		CF337B032B90B16B009CC006 /* SwiftodoUITests */ = {
			isa = PBXGroup;
			children = (
				CF337B042B90B16B009CC006 /* SwiftodoUITests.swift */,
				CF337B062B90B16B009CC006 /* SwiftodoUITestsLaunchTests.swift */,
			);
			path = SwiftodoUITests;
			sourceTree = "<group>";
		};
		CF337B132B90B2C5009CC006 /* Fonts */ = {
			isa = PBXGroup;
			children = (
				CF337B3D2B90B3E2009CC006 /* NotoSans-Black.ttf */,
				CF337B3E2B90B3E2009CC006 /* NotoSans-Bold.ttf */,
				CF337B1A2B90B2D6009CC006 /* NotoSans-ExtraBoldItalic.ttf */,
				CF337B162B90B2D6009CC006 /* NotoSans-ExtraLight.ttf */,
				CF337B152B90B2D6009CC006 /* NotoSans-ExtraLightItalic.ttf */,
				CF337B192B90B2D6009CC006 /* NotoSans-Italic.ttf */,
				CF337B1B2B90B2D6009CC006 /* NotoSans-Light.ttf */,
				CF337B1C2B90B2D6009CC006 /* NotoSans-LightItalic.ttf */,
				CF337B1D2B90B2D6009CC006 /* NotoSans-Medium.ttf */,
				CF337B172B90B2D6009CC006 /* NotoSans-MediumItalic.ttf */,
				CF337B142B90B2D6009CC006 /* NotoSans-Regular.ttf */,
				CF337B182B90B2D6009CC006 /* NotoSans-SemiBold.ttf */,
			);
			path = Fonts;
			sourceTree = "<group>";
		};
		CF337B5B2B90BA0A009CC006 /* UI */ = {
			isa = PBXGroup;
			children = (
				CF337B8D2B90CE5C009CC006 /* UI_MonochromeButton.swift */,
			);
			path = UI;
			sourceTree = "<group>";
		};
		CF337B5C2B90BA19009CC006 /* ViewModels */ = {
			isa = PBXGroup;
			children = (
			);
			path = ViewModels;
			sourceTree = "<group>";
		};
		CF337B5D2B90BA2D009CC006 /* Views */ = {
			isa = PBXGroup;
			children = (
				CF337B642B90C2BA009CC006 /* View_Home.swift */,
				CF337B682B90C2CF009CC006 /* View_CreateWorkSpace.swift */,
				CF337B6C2B90C2FD009CC006 /* View_TaskSection.swift */,
				CF337B702B90C31C009CC006 /* View_TaskDetails.swift */,
				CF337B742B90C327009CC006 /* View_Me.swift */,
				CF337B892B90C944009CC006 /* View_Login.swift */,
			);
			path = Views;
			sourceTree = "<group>";
		};
		CF337B5E2B90BA32009CC006 /* Entity */ = {
			isa = PBXGroup;
			children = (
				CF337B782B90C35D009CC006 /* Entity_Account.swift */,
				CF337B7C2B90C36A009CC006 /* Entity_Task.swift */,
				CF337B802B90C37B009CC006 /* Entity_Workspace.swift */,
			);
			path = Entity;
			sourceTree = "<group>";
		};
		CF337B5F2B90BA42009CC006 /* Helpers */ = {
			isa = PBXGroup;
			children = (
				CF337B912B90D8E0009CC006 /* Helper_Extensions.swift */,
			);
			path = Helpers;
			sourceTree = "<group>";
		};
		CF337B842B90C8BF009CC006 /* Manager */ = {
			isa = PBXGroup;
			children = (
				CF337B852B90C8D9009CC006 /* Manager_Authentication.swift */,
			);
			path = Manager;
			sourceTree = "<group>";
		};
/* End PBXGroup section */

/* Begin PBXNativeTarget section */
		CF337AE02B90B16A009CC006 /* Swiftodo */ = {
			isa = PBXNativeTarget;
			buildConfigurationList = CF337B0A2B90B16B009CC006 /* Build configuration list for PBXNativeTarget "Swiftodo" */;
			buildPhases = (
				CF337ADD2B90B16A009CC006 /* Sources */,
				CF337ADE2B90B16A009CC006 /* Frameworks */,
				CF337ADF2B90B16A009CC006 /* Resources */,
			);
			buildRules = (
			);
			dependencies = (
			);
			name = Swiftodo;
			packageProductDependencies = (
				CF337B4A2B90B5E0009CC006 /* FirebaseAuth */,
				CF337B4C2B90B5E0009CC006 /* FirebaseFirestore */,
				CF337B4E2B90B5E0009CC006 /* FirebaseFirestoreSwift */,
				CF337B502B90B5E0009CC006 /* FirebaseStorage */,
				CF337B532B90B6D8009CC006 /* GoogleSignIn */,
				CF337B552B90B6D8009CC006 /* GoogleSignInSwift */,
			);
			productName = Swiftodo;
			productReference = CF337AE12B90B16A009CC006 /* Swiftodo.app */;
			productType = "com.apple.product-type.application";
		};
		CF337AF52B90B16B009CC006 /* SwiftodoTests */ = {
			isa = PBXNativeTarget;
			buildConfigurationList = CF337B0D2B90B16B009CC006 /* Build configuration list for PBXNativeTarget "SwiftodoTests" */;
			buildPhases = (
				CF337AF22B90B16B009CC006 /* Sources */,
				CF337AF32B90B16B009CC006 /* Frameworks */,
				CF337AF42B90B16B009CC006 /* Resources */,
			);
			buildRules = (
			);
			dependencies = (
				CF337AF82B90B16B009CC006 /* PBXTargetDependency */,
			);
			name = SwiftodoTests;
			productName = SwiftodoTests;
			productReference = CF337AF62B90B16B009CC006 /* SwiftodoTests.xctest */;
			productType = "com.apple.product-type.bundle.unit-test";
		};
		CF337AFF2B90B16B009CC006 /* SwiftodoUITests */ = {
			isa = PBXNativeTarget;
			buildConfigurationList = CF337B102B90B16B009CC006 /* Build configuration list for PBXNativeTarget "SwiftodoUITests" */;
			buildPhases = (
				CF337AFC2B90B16B009CC006 /* Sources */,
				CF337AFD2B90B16B009CC006 /* Frameworks */,
				CF337AFE2B90B16B009CC006 /* Resources */,
			);
			buildRules = (
			);
			dependencies = (
				CF337B022B90B16B009CC006 /* PBXTargetDependency */,
			);
			name = SwiftodoUITests;
			productName = SwiftodoUITests;
			productReference = CF337B002B90B16B009CC006 /* SwiftodoUITests.xctest */;
			productType = "com.apple.product-type.bundle.ui-testing";
		};
/* End PBXNativeTarget section */

/* Begin PBXProject section */
		CF337AD92B90B16A009CC006 /* Project object */ = {
			isa = PBXProject;
			attributes = {
				BuildIndependentTargetsInParallel = 1;
				LastSwiftUpdateCheck = 1520;
				LastUpgradeCheck = 1520;
				TargetAttributes = {
					CF337AE02B90B16A009CC006 = {
						CreatedOnToolsVersion = 15.2;
					};
					CF337AF52B90B16B009CC006 = {
						CreatedOnToolsVersion = 15.2;
						TestTargetID = CF337AE02B90B16A009CC006;
					};
					CF337AFF2B90B16B009CC006 = {
						CreatedOnToolsVersion = 15.2;
						TestTargetID = CF337AE02B90B16A009CC006;
					};
				};
			};
			buildConfigurationList = CF337ADC2B90B16A009CC006 /* Build configuration list for PBXProject "Swiftodo" */;
			compatibilityVersion = "Xcode 14.0";
			developmentRegion = en;
			hasScannedForEncodings = 0;
			knownRegions = (
				en,
				Base,
			);
			mainGroup = CF337AD82B90B16A009CC006;
			packageReferences = (
				CF337B492B90B564009CC006 /* XCRemoteSwiftPackageReference "firebase-ios-sdk" */,
				CF337B522B90B6D8009CC006 /* XCRemoteSwiftPackageReference "GoogleSignIn-iOS" */,
			);
			productRefGroup = CF337AE22B90B16A009CC006 /* Products */;
			projectDirPath = "";
			projectRoot = "";
			targets = (
				CF337AE02B90B16A009CC006 /* Swiftodo */,
				CF337AF52B90B16B009CC006 /* SwiftodoTests */,
				CF337AFF2B90B16B009CC006 /* SwiftodoUITests */,
			);
		};
/* End PBXProject section */

/* Begin PBXResourcesBuildPhase section */
		CF337ADF2B90B16A009CC006 /* Resources */ = {
			isa = PBXResourcesBuildPhase;
			buildActionMask = 2147483647;
			files = (
				CF337B3F2B90B3E2009CC006 /* NotoSans-Black.ttf in Resources */,
				CF337B362B90B2D7009CC006 /* NotoSans-LightItalic.ttf in Resources */,
				CF337B582B90B79C009CC006 /* GoogleService-Info.plist in Resources */,
				CF337B1E2B90B2D7009CC006 /* NotoSans-Regular.ttf in Resources */,
				CF337B392B90B2D7009CC006 /* NotoSans-Medium.ttf in Resources */,
				CF337B212B90B2D7009CC006 /* NotoSans-ExtraLightItalic.ttf in Resources */,
				CF337B2A2B90B2D7009CC006 /* NotoSans-SemiBold.ttf in Resources */,
				CF337B272B90B2D7009CC006 /* NotoSans-MediumItalic.ttf in Resources */,
				CF337B302B90B2D7009CC006 /* NotoSans-ExtraBoldItalic.ttf in Resources */,
				CF337AEC2B90B16B009CC006 /* Preview Assets.xcassets in Resources */,
				CF337B332B90B2D7009CC006 /* NotoSans-Light.ttf in Resources */,
				CF337B422B90B3E2009CC006 /* NotoSans-Bold.ttf in Resources */,
				CF337AE92B90B16B009CC006 /* Assets.xcassets in Resources */,
				CF337B242B90B2D7009CC006 /* NotoSans-ExtraLight.ttf in Resources */,
				CF337B2D2B90B2D7009CC006 /* NotoSans-Italic.ttf in Resources */,
			);
			runOnlyForDeploymentPostprocessing = 0;
		};
		CF337AF42B90B16B009CC006 /* Resources */ = {
			isa = PBXResourcesBuildPhase;
			buildActionMask = 2147483647;
			files = (
				CF337B592B90B79C009CC006 /* GoogleService-Info.plist in Resources */,
				CF337B432B90B3E2009CC006 /* NotoSans-Bold.ttf in Resources */,
				CF337B342B90B2D7009CC006 /* NotoSans-Light.ttf in Resources */,
				CF337B1F2B90B2D7009CC006 /* NotoSans-Regular.ttf in Resources */,
				CF337B2B2B90B2D7009CC006 /* NotoSans-SemiBold.ttf in Resources */,
				CF337B372B90B2D7009CC006 /* NotoSans-LightItalic.ttf in Resources */,
				CF337B402B90B3E2009CC006 /* NotoSans-Black.ttf in Resources */,
				CF337B3A2B90B2D7009CC006 /* NotoSans-Medium.ttf in Resources */,
				CF337B222B90B2D7009CC006 /* NotoSans-ExtraLightItalic.ttf in Resources */,
				CF337B2E2B90B2D7009CC006 /* NotoSans-Italic.ttf in Resources */,
				CF337B282B90B2D7009CC006 /* NotoSans-MediumItalic.ttf in Resources */,
				CF337B312B90B2D7009CC006 /* NotoSans-ExtraBoldItalic.ttf in Resources */,
				CF337B252B90B2D7009CC006 /* NotoSans-ExtraLight.ttf in Resources */,
			);
			runOnlyForDeploymentPostprocessing = 0;
		};
		CF337AFE2B90B16B009CC006 /* Resources */ = {
			isa = PBXResourcesBuildPhase;
			buildActionMask = 2147483647;
			files = (
				CF337B5A2B90B79C009CC006 /* GoogleService-Info.plist in Resources */,
				CF337B442B90B3E2009CC006 /* NotoSans-Bold.ttf in Resources */,
				CF337B352B90B2D7009CC006 /* NotoSans-Light.ttf in Resources */,
				CF337B202B90B2D7009CC006 /* NotoSans-Regular.ttf in Resources */,
				CF337B2C2B90B2D7009CC006 /* NotoSans-SemiBold.ttf in Resources */,
				CF337B382B90B2D7009CC006 /* NotoSans-LightItalic.ttf in Resources */,
				CF337B412B90B3E2009CC006 /* NotoSans-Black.ttf in Resources */,
				CF337B3B2B90B2D7009CC006 /* NotoSans-Medium.ttf in Resources */,
				CF337B232B90B2D7009CC006 /* NotoSans-ExtraLightItalic.ttf in Resources */,
				CF337B2F2B90B2D7009CC006 /* NotoSans-Italic.ttf in Resources */,
				CF337B292B90B2D7009CC006 /* NotoSans-MediumItalic.ttf in Resources */,
				CF337B322B90B2D7009CC006 /* NotoSans-ExtraBoldItalic.ttf in Resources */,
				CF337B262B90B2D7009CC006 /* NotoSans-ExtraLight.ttf in Resources */,
			);
			runOnlyForDeploymentPostprocessing = 0;
		};
/* End PBXResourcesBuildPhase section */

/* Begin PBXSourcesBuildPhase section */
		CF337ADD2B90B16A009CC006 /* Sources */ = {
			isa = PBXSourcesBuildPhase;
			buildActionMask = 2147483647;
			files = (
				CF337B692B90C2CF009CC006 /* View_CreateWorkSpace.swift in Sources */,
				CF337AF12B90B16B009CC006 /* Swiftodo.xcdatamodeld in Sources */,
				CF337B7D2B90C36A009CC006 /* Entity_Task.swift in Sources */,
				CF337B8E2B90CE5C009CC006 /* UI_MonochromeButton.swift in Sources */,
				CF337B812B90C37B009CC006 /* Entity_Workspace.swift in Sources */,
				CF337B862B90C8DA009CC006 /* Manager_Authentication.swift in Sources */,
				CF337B792B90C35D009CC006 /* Entity_Account.swift in Sources */,
				CF337B6D2B90C2FD009CC006 /* View_TaskSection.swift in Sources */,
				CF337B752B90C327009CC006 /* View_Me.swift in Sources */,
				CF337B8A2B90C944009CC006 /* View_Login.swift in Sources */,
				CF337AEE2B90B16B009CC006 /* Persistence.swift in Sources */,
				CF337B652B90C2BA009CC006 /* View_Home.swift in Sources */,
				CF337AE72B90B16A009CC006 /* ContentView.swift in Sources */,
				CF337AE52B90B16A009CC006 /* SwiftodoApp.swift in Sources */,
				CF337B712B90C31C009CC006 /* View_TaskDetails.swift in Sources */,
				CF337B922B90D8E0009CC006 /* Helper_Extensions.swift in Sources */,
			);
			runOnlyForDeploymentPostprocessing = 0;
		};
		CF337AF22B90B16B009CC006 /* Sources */ = {
			isa = PBXSourcesBuildPhase;
			buildActionMask = 2147483647;
			files = (
				CF337B7A2B90C35D009CC006 /* Entity_Account.swift in Sources */,
				CF337B662B90C2BA009CC006 /* View_Home.swift in Sources */,
				CF337B8F2B90CE5C009CC006 /* UI_MonochromeButton.swift in Sources */,
				CF337B872B90C8DA009CC006 /* Manager_Authentication.swift in Sources */,
				CF337B722B90C31C009CC006 /* View_TaskDetails.swift in Sources */,
				CF337B762B90C327009CC006 /* View_Me.swift in Sources */,
				CF337B932B90D8E0009CC006 /* Helper_Extensions.swift in Sources */,
				CF337B8B2B90C944009CC006 /* View_Login.swift in Sources */,
				CF337B6E2B90C2FD009CC006 /* View_TaskSection.swift in Sources */,
				CF337B822B90C37B009CC006 /* Entity_Workspace.swift in Sources */,
				CF337B7E2B90C36A009CC006 /* Entity_Task.swift in Sources */,
				CF337B6A2B90C2CF009CC006 /* View_CreateWorkSpace.swift in Sources */,
				CF337AFB2B90B16B009CC006 /* SwiftodoTests.swift in Sources */,
			);
			runOnlyForDeploymentPostprocessing = 0;
		};
		CF337AFC2B90B16B009CC006 /* Sources */ = {
			isa = PBXSourcesBuildPhase;
			buildActionMask = 2147483647;
			files = (
				CF337B942B90D8E0009CC006 /* Helper_Extensions.swift in Sources */,
				CF337B072B90B16B009CC006 /* SwiftodoUITestsLaunchTests.swift in Sources */,
				CF337B882B90C8DA009CC006 /* Manager_Authentication.swift in Sources */,
				CF337B902B90CE5C009CC006 /* UI_MonochromeButton.swift in Sources */,
				CF337B7F2B90C36A009CC006 /* Entity_Task.swift in Sources */,
				CF337B672B90C2BA009CC006 /* View_Home.swift in Sources */,
				CF337B6B2B90C2CF009CC006 /* View_CreateWorkSpace.swift in Sources */,
				CF337B7B2B90C35D009CC006 /* Entity_Account.swift in Sources */,
				CF337B772B90C327009CC006 /* View_Me.swift in Sources */,
				CF337B052B90B16B009CC006 /* SwiftodoUITests.swift in Sources */,
				CF337B6F2B90C2FD009CC006 /* View_TaskSection.swift in Sources */,
				CF337B832B90C37B009CC006 /* Entity_Workspace.swift in Sources */,
				CF337B732B90C31C009CC006 /* View_TaskDetails.swift in Sources */,
				CF337B8C2B90C944009CC006 /* View_Login.swift in Sources */,
			);
			runOnlyForDeploymentPostprocessing = 0;
		};
/* End PBXSourcesBuildPhase section */

/* Begin PBXTargetDependency section */
		CF337AF82B90B16B009CC006 /* PBXTargetDependency */ = {
			isa = PBXTargetDependency;
			target = CF337AE02B90B16A009CC006 /* Swiftodo */;
			targetProxy = CF337AF72B90B16B009CC006 /* PBXContainerItemProxy */;
		};
		CF337B022B90B16B009CC006 /* PBXTargetDependency */ = {
			isa = PBXTargetDependency;
			target = CF337AE02B90B16A009CC006 /* Swiftodo */;
			targetProxy = CF337B012B90B16B009CC006 /* PBXContainerItemProxy */;
		};
/* End PBXTargetDependency section */

/* Begin XCBuildConfiguration section */
		CF337B082B90B16B009CC006 /* Debug */ = {
			isa = XCBuildConfiguration;
			buildSettings = {
				ALWAYS_SEARCH_USER_PATHS = NO;
				ASSETCATALOG_COMPILER_GENERATE_SWIFT_ASSET_SYMBOL_EXTENSIONS = YES;
				CLANG_ANALYZER_NONNULL = YES;
				CLANG_ANALYZER_NUMBER_OBJECT_CONVERSION = YES_AGGRESSIVE;
				CLANG_CXX_LANGUAGE_STANDARD = "gnu++20";
				CLANG_ENABLE_MODULES = YES;
				CLANG_ENABLE_OBJC_ARC = YES;
				CLANG_ENABLE_OBJC_WEAK = YES;
				CLANG_WARN_BLOCK_CAPTURE_AUTORELEASING = YES;
				CLANG_WARN_BOOL_CONVERSION = YES;
				CLANG_WARN_COMMA = YES;
				CLANG_WARN_CONSTANT_CONVERSION = YES;
				CLANG_WARN_DEPRECATED_OBJC_IMPLEMENTATIONS = YES;
				CLANG_WARN_DIRECT_OBJC_ISA_USAGE = YES_ERROR;
				CLANG_WARN_DOCUMENTATION_COMMENTS = YES;
				CLANG_WARN_EMPTY_BODY = YES;
				CLANG_WARN_ENUM_CONVERSION = YES;
				CLANG_WARN_INFINITE_RECURSION = YES;
				CLANG_WARN_INT_CONVERSION = YES;
				CLANG_WARN_NON_LITERAL_NULL_CONVERSION = YES;
				CLANG_WARN_OBJC_IMPLICIT_RETAIN_SELF = YES;
				CLANG_WARN_OBJC_LITERAL_CONVERSION = YES;
				CLANG_WARN_OBJC_ROOT_CLASS = YES_ERROR;
				CLANG_WARN_QUOTED_INCLUDE_IN_FRAMEWORK_HEADER = YES;
				CLANG_WARN_RANGE_LOOP_ANALYSIS = YES;
				CLANG_WARN_STRICT_PROTOTYPES = YES;
				CLANG_WARN_SUSPICIOUS_MOVE = YES;
				CLANG_WARN_UNGUARDED_AVAILABILITY = YES_AGGRESSIVE;
				CLANG_WARN_UNREACHABLE_CODE = YES;
				CLANG_WARN__DUPLICATE_METHOD_MATCH = YES;
				COPY_PHASE_STRIP = NO;
				DEBUG_INFORMATION_FORMAT = dwarf;
				ENABLE_STRICT_OBJC_MSGSEND = YES;
				ENABLE_TESTABILITY = YES;
				ENABLE_USER_SCRIPT_SANDBOXING = YES;
				GCC_C_LANGUAGE_STANDARD = gnu17;
				GCC_DYNAMIC_NO_PIC = NO;
				GCC_NO_COMMON_BLOCKS = YES;
				GCC_OPTIMIZATION_LEVEL = 0;
				GCC_PREPROCESSOR_DEFINITIONS = (
					"DEBUG=1",
					"$(inherited)",
				);
				GCC_WARN_64_TO_32_BIT_CONVERSION = YES;
				GCC_WARN_ABOUT_RETURN_TYPE = YES_ERROR;
				GCC_WARN_UNDECLARED_SELECTOR = YES;
				GCC_WARN_UNINITIALIZED_AUTOS = YES_AGGRESSIVE;
				GCC_WARN_UNUSED_FUNCTION = YES;
				GCC_WARN_UNUSED_VARIABLE = YES;
				IPHONEOS_DEPLOYMENT_TARGET = 17.2;
				LOCALIZATION_PREFERS_STRING_CATALOGS = YES;
				MTL_ENABLE_DEBUG_INFO = INCLUDE_SOURCE;
				MTL_FAST_MATH = YES;
				ONLY_ACTIVE_ARCH = YES;
				SDKROOT = iphoneos;
				SWIFT_ACTIVE_COMPILATION_CONDITIONS = "DEBUG $(inherited)";
				SWIFT_OPTIMIZATION_LEVEL = "-Onone";
			};
			name = Debug;
		};
		CF337B092B90B16B009CC006 /* Release */ = {
			isa = XCBuildConfiguration;
			buildSettings = {
				ALWAYS_SEARCH_USER_PATHS = NO;
				ASSETCATALOG_COMPILER_GENERATE_SWIFT_ASSET_SYMBOL_EXTENSIONS = YES;
				CLANG_ANALYZER_NONNULL = YES;
				CLANG_ANALYZER_NUMBER_OBJECT_CONVERSION = YES_AGGRESSIVE;
				CLANG_CXX_LANGUAGE_STANDARD = "gnu++20";
				CLANG_ENABLE_MODULES = YES;
				CLANG_ENABLE_OBJC_ARC = YES;
				CLANG_ENABLE_OBJC_WEAK = YES;
				CLANG_WARN_BLOCK_CAPTURE_AUTORELEASING = YES;
				CLANG_WARN_BOOL_CONVERSION = YES;
				CLANG_WARN_COMMA = YES;
				CLANG_WARN_CONSTANT_CONVERSION = YES;
				CLANG_WARN_DEPRECATED_OBJC_IMPLEMENTATIONS = YES;
				CLANG_WARN_DIRECT_OBJC_ISA_USAGE = YES_ERROR;
				CLANG_WARN_DOCUMENTATION_COMMENTS = YES;
				CLANG_WARN_EMPTY_BODY = YES;
				CLANG_WARN_ENUM_CONVERSION = YES;
				CLANG_WARN_INFINITE_RECURSION = YES;
				CLANG_WARN_INT_CONVERSION = YES;
				CLANG_WARN_NON_LITERAL_NULL_CONVERSION = YES;
				CLANG_WARN_OBJC_IMPLICIT_RETAIN_SELF = YES;
				CLANG_WARN_OBJC_LITERAL_CONVERSION = YES;
				CLANG_WARN_OBJC_ROOT_CLASS = YES_ERROR;
				CLANG_WARN_QUOTED_INCLUDE_IN_FRAMEWORK_HEADER = YES;
				CLANG_WARN_RANGE_LOOP_ANALYSIS = YES;
				CLANG_WARN_STRICT_PROTOTYPES = YES;
				CLANG_WARN_SUSPICIOUS_MOVE = YES;
				CLANG_WARN_UNGUARDED_AVAILABILITY = YES_AGGRESSIVE;
				CLANG_WARN_UNREACHABLE_CODE = YES;
				CLANG_WARN__DUPLICATE_METHOD_MATCH = YES;
				COPY_PHASE_STRIP = NO;
				DEBUG_INFORMATION_FORMAT = "dwarf-with-dsym";
				ENABLE_NS_ASSERTIONS = NO;
				ENABLE_STRICT_OBJC_MSGSEND = YES;
				ENABLE_USER_SCRIPT_SANDBOXING = YES;
				GCC_C_LANGUAGE_STANDARD = gnu17;
				GCC_NO_COMMON_BLOCKS = YES;
				GCC_WARN_64_TO_32_BIT_CONVERSION = YES;
				GCC_WARN_ABOUT_RETURN_TYPE = YES_ERROR;
				GCC_WARN_UNDECLARED_SELECTOR = YES;
				GCC_WARN_UNINITIALIZED_AUTOS = YES_AGGRESSIVE;
				GCC_WARN_UNUSED_FUNCTION = YES;
				GCC_WARN_UNUSED_VARIABLE = YES;
				IPHONEOS_DEPLOYMENT_TARGET = 17.2;
				LOCALIZATION_PREFERS_STRING_CATALOGS = YES;
				MTL_ENABLE_DEBUG_INFO = NO;
				MTL_FAST_MATH = YES;
				SDKROOT = iphoneos;
				SWIFT_COMPILATION_MODE = wholemodule;
				VALIDATE_PRODUCT = YES;
			};
			name = Release;
		};
		CF337B0B2B90B16B009CC006 /* Debug */ = {
			isa = XCBuildConfiguration;
			buildSettings = {
				ASSETCATALOG_COMPILER_APPICON_NAME = AppIcon;
				ASSETCATALOG_COMPILER_GLOBAL_ACCENT_COLOR_NAME = AccentColor;
				CODE_SIGN_STYLE = Automatic;
				CURRENT_PROJECT_VERSION = 1;
				DEVELOPMENT_ASSET_PATHS = "\"Swiftodo/Preview Content\"";
				DEVELOPMENT_TEAM = 53AZXG7V4Q;
				ENABLE_PREVIEWS = YES;
				GENERATE_INFOPLIST_FILE = YES;
				INFOPLIST_FILE = Swiftodo/Info.plist;
				INFOPLIST_KEY_UIApplicationSceneManifest_Generation = YES;
				INFOPLIST_KEY_UIApplicationSupportsIndirectInputEvents = YES;
				INFOPLIST_KEY_UILaunchScreen_Generation = YES;
				INFOPLIST_KEY_UISupportedInterfaceOrientations_iPad = "UIInterfaceOrientationPortrait UIInterfaceOrientationPortraitUpsideDown UIInterfaceOrientationLandscapeLeft UIInterfaceOrientationLandscapeRight";
				INFOPLIST_KEY_UISupportedInterfaceOrientations_iPhone = "UIInterfaceOrientationPortrait UIInterfaceOrientationLandscapeLeft UIInterfaceOrientationLandscapeRight";
				LD_RUNPATH_SEARCH_PATHS = (
					"$(inherited)",
					"@executable_path/Frameworks",
				);
				MARKETING_VERSION = 1.0;
				PRODUCT_BUNDLE_IDENTIFIER = com.rmit.Swiftodo;
				PRODUCT_NAME = "$(TARGET_NAME)";
				SWIFT_EMIT_LOC_STRINGS = YES;
				SWIFT_VERSION = 5.0;
				TARGETED_DEVICE_FAMILY = "1,2";
			};
			name = Debug;
		};
		CF337B0C2B90B16B009CC006 /* Release */ = {
			isa = XCBuildConfiguration;
			buildSettings = {
				ASSETCATALOG_COMPILER_APPICON_NAME = AppIcon;
				ASSETCATALOG_COMPILER_GLOBAL_ACCENT_COLOR_NAME = AccentColor;
				CODE_SIGN_STYLE = Automatic;
				CURRENT_PROJECT_VERSION = 1;
				DEVELOPMENT_ASSET_PATHS = "\"Swiftodo/Preview Content\"";
				DEVELOPMENT_TEAM = 53AZXG7V4Q;
				ENABLE_PREVIEWS = YES;
				GENERATE_INFOPLIST_FILE = YES;
				INFOPLIST_FILE = Swiftodo/Info.plist;
				INFOPLIST_KEY_UIApplicationSceneManifest_Generation = YES;
				INFOPLIST_KEY_UIApplicationSupportsIndirectInputEvents = YES;
				INFOPLIST_KEY_UILaunchScreen_Generation = YES;
				INFOPLIST_KEY_UISupportedInterfaceOrientations_iPad = "UIInterfaceOrientationPortrait UIInterfaceOrientationPortraitUpsideDown UIInterfaceOrientationLandscapeLeft UIInterfaceOrientationLandscapeRight";
				INFOPLIST_KEY_UISupportedInterfaceOrientations_iPhone = "UIInterfaceOrientationPortrait UIInterfaceOrientationLandscapeLeft UIInterfaceOrientationLandscapeRight";
				LD_RUNPATH_SEARCH_PATHS = (
					"$(inherited)",
					"@executable_path/Frameworks",
				);
				MARKETING_VERSION = 1.0;
				PRODUCT_BUNDLE_IDENTIFIER = com.rmit.Swiftodo;
				PRODUCT_NAME = "$(TARGET_NAME)";
				SWIFT_EMIT_LOC_STRINGS = YES;
				SWIFT_VERSION = 5.0;
				TARGETED_DEVICE_FAMILY = "1,2";
			};
			name = Release;
		};
		CF337B0E2B90B16B009CC006 /* Debug */ = {
			isa = XCBuildConfiguration;
			buildSettings = {
				ALWAYS_EMBED_SWIFT_STANDARD_LIBRARIES = YES;
				BUNDLE_LOADER = "$(TEST_HOST)";
				CODE_SIGN_STYLE = Automatic;
				CURRENT_PROJECT_VERSION = 1;
				DEVELOPMENT_TEAM = 53AZXG7V4Q;
				GENERATE_INFOPLIST_FILE = YES;
				IPHONEOS_DEPLOYMENT_TARGET = 17.2;
				MARKETING_VERSION = 1.0;
				PRODUCT_BUNDLE_IDENTIFIER = com.rmit.SwiftodoTests;
				PRODUCT_NAME = "$(TARGET_NAME)";
				SWIFT_EMIT_LOC_STRINGS = NO;
				SWIFT_VERSION = 5.0;
				TARGETED_DEVICE_FAMILY = "1,2";
				TEST_HOST = "$(BUILT_PRODUCTS_DIR)/Swiftodo.app/$(BUNDLE_EXECUTABLE_FOLDER_PATH)/Swiftodo";
			};
			name = Debug;
		};
		CF337B0F2B90B16B009CC006 /* Release */ = {
			isa = XCBuildConfiguration;
			buildSettings = {
				ALWAYS_EMBED_SWIFT_STANDARD_LIBRARIES = YES;
				BUNDLE_LOADER = "$(TEST_HOST)";
				CODE_SIGN_STYLE = Automatic;
				CURRENT_PROJECT_VERSION = 1;
				DEVELOPMENT_TEAM = 53AZXG7V4Q;
				GENERATE_INFOPLIST_FILE = YES;
				IPHONEOS_DEPLOYMENT_TARGET = 17.2;
				MARKETING_VERSION = 1.0;
				PRODUCT_BUNDLE_IDENTIFIER = com.rmit.SwiftodoTests;
				PRODUCT_NAME = "$(TARGET_NAME)";
				SWIFT_EMIT_LOC_STRINGS = NO;
				SWIFT_VERSION = 5.0;
				TARGETED_DEVICE_FAMILY = "1,2";
				TEST_HOST = "$(BUILT_PRODUCTS_DIR)/Swiftodo.app/$(BUNDLE_EXECUTABLE_FOLDER_PATH)/Swiftodo";
			};
			name = Release;
		};
		CF337B112B90B16B009CC006 /* Debug */ = {
			isa = XCBuildConfiguration;
			buildSettings = {
				ALWAYS_EMBED_SWIFT_STANDARD_LIBRARIES = YES;
				CODE_SIGN_STYLE = Automatic;
				CURRENT_PROJECT_VERSION = 1;
				DEVELOPMENT_TEAM = 53AZXG7V4Q;
				GENERATE_INFOPLIST_FILE = YES;
				MARKETING_VERSION = 1.0;
				PRODUCT_BUNDLE_IDENTIFIER = com.rmit.SwiftodoUITests;
				PRODUCT_NAME = "$(TARGET_NAME)";
				SWIFT_EMIT_LOC_STRINGS = NO;
				SWIFT_VERSION = 5.0;
				TARGETED_DEVICE_FAMILY = "1,2";
				TEST_TARGET_NAME = Swiftodo;
			};
			name = Debug;
		};
		CF337B122B90B16B009CC006 /* Release */ = {
			isa = XCBuildConfiguration;
			buildSettings = {
				ALWAYS_EMBED_SWIFT_STANDARD_LIBRARIES = YES;
				CODE_SIGN_STYLE = Automatic;
				CURRENT_PROJECT_VERSION = 1;
				DEVELOPMENT_TEAM = 53AZXG7V4Q;
				GENERATE_INFOPLIST_FILE = YES;
				MARKETING_VERSION = 1.0;
				PRODUCT_BUNDLE_IDENTIFIER = com.rmit.SwiftodoUITests;
				PRODUCT_NAME = "$(TARGET_NAME)";
				SWIFT_EMIT_LOC_STRINGS = NO;
				SWIFT_VERSION = 5.0;
				TARGETED_DEVICE_FAMILY = "1,2";
				TEST_TARGET_NAME = Swiftodo;
			};
			name = Release;
		};
/* End XCBuildConfiguration section */

/* Begin XCConfigurationList section */
		CF337ADC2B90B16A009CC006 /* Build configuration list for PBXProject "Swiftodo" */ = {
			isa = XCConfigurationList;
			buildConfigurations = (
				CF337B082B90B16B009CC006 /* Debug */,
				CF337B092B90B16B009CC006 /* Release */,
			);
			defaultConfigurationIsVisible = 0;
			defaultConfigurationName = Release;
		};
		CF337B0A2B90B16B009CC006 /* Build configuration list for PBXNativeTarget "Swiftodo" */ = {
			isa = XCConfigurationList;
			buildConfigurations = (
				CF337B0B2B90B16B009CC006 /* Debug */,
				CF337B0C2B90B16B009CC006 /* Release */,
			);
			defaultConfigurationIsVisible = 0;
			defaultConfigurationName = Release;
		};
		CF337B0D2B90B16B009CC006 /* Build configuration list for PBXNativeTarget "SwiftodoTests" */ = {
			isa = XCConfigurationList;
			buildConfigurations = (
				CF337B0E2B90B16B009CC006 /* Debug */,
				CF337B0F2B90B16B009CC006 /* Release */,
			);
			defaultConfigurationIsVisible = 0;
			defaultConfigurationName = Release;
		};
		CF337B102B90B16B009CC006 /* Build configuration list for PBXNativeTarget "SwiftodoUITests" */ = {
			isa = XCConfigurationList;
			buildConfigurations = (
				CF337B112B90B16B009CC006 /* Debug */,
				CF337B122B90B16B009CC006 /* Release */,
			);
			defaultConfigurationIsVisible = 0;
			defaultConfigurationName = Release;
		};
/* End XCConfigurationList section */

/* Begin XCRemoteSwiftPackageReference section */
		CF337B492B90B564009CC006 /* XCRemoteSwiftPackageReference "firebase-ios-sdk" */ = {
			isa = XCRemoteSwiftPackageReference;
			repositoryURL = "https://github.com/firebase/firebase-ios-sdk";
			requirement = {
				kind = upToNextMajorVersion;
				minimumVersion = 10.21.0;
			};
		};
		CF337B522B90B6D8009CC006 /* XCRemoteSwiftPackageReference "GoogleSignIn-iOS" */ = {
			isa = XCRemoteSwiftPackageReference;
			repositoryURL = "https://github.com/google/GoogleSignIn-iOS";
			requirement = {
				kind = upToNextMajorVersion;
				minimumVersion = 7.0.0;
			};
		};
/* End XCRemoteSwiftPackageReference section */

/* Begin XCSwiftPackageProductDependency section */
		CF337B4A2B90B5E0009CC006 /* FirebaseAuth */ = {
			isa = XCSwiftPackageProductDependency;
			package = CF337B492B90B564009CC006 /* XCRemoteSwiftPackageReference "firebase-ios-sdk" */;
			productName = FirebaseAuth;
		};
		CF337B4C2B90B5E0009CC006 /* FirebaseFirestore */ = {
			isa = XCSwiftPackageProductDependency;
			package = CF337B492B90B564009CC006 /* XCRemoteSwiftPackageReference "firebase-ios-sdk" */;
			productName = FirebaseFirestore;
		};
		CF337B4E2B90B5E0009CC006 /* FirebaseFirestoreSwift */ = {
			isa = XCSwiftPackageProductDependency;
			package = CF337B492B90B564009CC006 /* XCRemoteSwiftPackageReference "firebase-ios-sdk" */;
			productName = FirebaseFirestoreSwift;
		};
		CF337B502B90B5E0009CC006 /* FirebaseStorage */ = {
			isa = XCSwiftPackageProductDependency;
			package = CF337B492B90B564009CC006 /* XCRemoteSwiftPackageReference "firebase-ios-sdk" */;
			productName = FirebaseStorage;
		};
		CF337B532B90B6D8009CC006 /* GoogleSignIn */ = {
			isa = XCSwiftPackageProductDependency;
			package = CF337B522B90B6D8009CC006 /* XCRemoteSwiftPackageReference "GoogleSignIn-iOS" */;
			productName = GoogleSignIn;
		};
		CF337B552B90B6D8009CC006 /* GoogleSignInSwift */ = {
			isa = XCSwiftPackageProductDependency;
			package = CF337B522B90B6D8009CC006 /* XCRemoteSwiftPackageReference "GoogleSignIn-iOS" */;
			productName = GoogleSignInSwift;
		};
/* End XCSwiftPackageProductDependency section */

/* Begin XCVersionGroup section */
		CF337AEF2B90B16B009CC006 /* Swiftodo.xcdatamodeld */ = {
			isa = XCVersionGroup;
			children = (
				CF337AF02B90B16B009CC006 /* Swiftodo.xcdatamodel */,
			);
			currentVersion = CF337AF02B90B16B009CC006 /* Swiftodo.xcdatamodel */;
			path = Swiftodo.xcdatamodeld;
			sourceTree = "<group>";
			versionGroupType = wrapper.xcdatamodel;
		};
/* End XCVersionGroup section */
	};
	rootObject = CF337AD92B90B16A009CC006 /* Project object */;
}
